
Microsoft Visual Studio Solution File, Format Version 12.00
Project("{2150E333-8FDC-42A3-9474-1A3956D46DE8}") = "Domain", "Domain", "{1C570F0C-5ADC-45E8-B380-ED552DEEBD74}"
EndProject
Project("{2150E333-8FDC-42A3-9474-1A3956D46DE8}") = "Infrastructure", "Infrastructure", "{52C52DDC-F146-47C3-9BBE-717C013EF483}"
EndProject
Project("{2150E333-8FDC-42A3-9474-1A3956D46DE8}") = "Service", "Service", "{5178F1FD-1819-424B-8C5B-3326831A7F80}"
EndProject
Project("{FAE04EC0-301F-11D3-BF4B-00C04F79EFBC}") = "Application", "Domain\Application\Application.csproj", "{C6E0C269-90E8-4540-B290-E6CA3BEE5595}"
EndProject
Project("{FAE04EC0-301F-11D3-BF4B-00C04F79EFBC}") = "Core", "Domain\Core\Core.csproj", "{B300F60A-B871-4579-B3ED-7318D7FDD332}"
EndProject
Project("{FAE04EC0-301F-11D3-BF4B-00C04F79EFBC}") = "AuthProvider.ACME", "Infrastructure\AuthProvider.ACME\AuthProvider.ACME.csproj", "{712DAC70-F052-4EE2-B299-6F82FE759BB5}"
EndProject
Project("{2150E333-8FDC-42A3-9474-1A3956D46DE8}") = "Tests", "Tests", "{1401BE07-5E0C-4143-B915-8CD433371EA1}"
EndProject
Project("{FAE04EC0-301F-11D3-BF4B-00C04F79EFBC}") = "AuthProvider.MassiveDynamic", "Infrastructure\AuthProvider.MassiveDynamic\AuthProvider.MassiveDynamic.csproj", "{7D1E58D2-9C13-4DC0-AA14-C651E1A331CE}"
EndProject
Project("{FAE04EC0-301F-11D3-BF4B-00C04F79EFBC}") = "AuthProvider.Globex", "Infrastructure\AuthProvider.Globex\AuthProvider.Globex.csproj", "{6B73773D-38BA-45C0-A2A8-B01B0DD251EB}"
EndProject
Project("{FAE04EC0-301F-11D3-BF4B-00C04F79EFBC}") = "RestAPI", "Service\RestAPI\RestAPI.csproj", "{A694BA7E-29BC-43E2-ACE1-A16F93778DC2}"
EndProject
Project("{FAE04EC0-301F-11D3-BF4B-00C04F79EFBC}") = "RestAPI.Tests", "Tests\RestAPI.Tests\RestAPI.Tests.csproj", "{D9451009-7518-487C-99D1-1E5A26F08CF4}"
EndProject
Project("{FAE04EC0-301F-11D3-BF4B-00C04F79EFBC}") = "Application.Tests", "Tests\Application.Tests\Application.Tests.csproj", "{AC215ADD-7D7A-45AA-8D7E-E9B51F3ED258}"
EndProject
Project("{FAE04EC0-301F-11D3-BF4B-00C04F79EFBC}") = "LogIn.API", "Service\LogIn.API\LogIn.API.csproj", "{C77A52F8-3C18-47F5-8265-ED42BD4DFA22}"
EndProject
Project("{FAE04EC0-301F-11D3-BF4B-00C04F79EFBC}") = "RestAPI", "Service\RestAPI\RestAPI.csproj", "{1CA14705-E437-4757-A0FE-6A905DC0DB11}"
EndProject
Global
	GlobalSection(SolutionConfigurationPlatforms) = preSolution
		Debug|Any CPU = Debug|Any CPU
		Release|Any CPU = Release|Any CPU
	EndGlobalSection
	GlobalSection(NestedProjects) = preSolution
		{C6E0C269-90E8-4540-B290-E6CA3BEE5595} = {1C570F0C-5ADC-45E8-B380-ED552DEEBD74}
		{B300F60A-B871-4579-B3ED-7318D7FDD332} = {1C570F0C-5ADC-45E8-B380-ED552DEEBD74}
		{712DAC70-F052-4EE2-B299-6F82FE759BB5} = {52C52DDC-F146-47C3-9BBE-717C013EF483}
		{7D1E58D2-9C13-4DC0-AA14-C651E1A331CE} = {52C52DDC-F146-47C3-9BBE-717C013EF483}
		{6B73773D-38BA-45C0-A2A8-B01B0DD251EB} = {52C52DDC-F146-47C3-9BBE-717C013EF483}
		{A694BA7E-29BC-43E2-ACE1-A16F93778DC2} = {5178F1FD-1819-424B-8C5B-3326831A7F80}
		{D9451009-7518-487C-99D1-1E5A26F08CF4} = {1401BE07-5E0C-4143-B915-8CD433371EA1}
		{AC215ADD-7D7A-45AA-8D7E-E9B51F3ED258} = {1401BE07-5E0C-4143-B915-8CD433371EA1}
	EndGlobalSection
	GlobalSection(ProjectConfigurationPlatforms) = postSolution
		{C6E0C269-90E8-4540-B290-E6CA3BEE5595}.Debug|Any CPU.ActiveCfg = Debug|Any CPU
		{C6E0C269-90E8-4540-B290-E6CA3BEE5595}.Debug|Any CPU.Build.0 = Debug|Any CPU
		{C6E0C269-90E8-4540-B290-E6CA3BEE5595}.Release|Any CPU.ActiveCfg = Release|Any CPU
		{C6E0C269-90E8-4540-B290-E6CA3BEE5595}.Release|Any CPU.Build.0 = Release|Any CPU
		{B300F60A-B871-4579-B3ED-7318D7FDD332}.Debug|Any CPU.ActiveCfg = Debug|Any CPU
		{B300F60A-B871-4579-B3ED-7318D7FDD332}.Debug|Any CPU.Build.0 = Debug|Any CPU
		{B300F60A-B871-4579-B3ED-7318D7FDD332}.Release|Any CPU.ActiveCfg = Release|Any CPU
		{B300F60A-B871-4579-B3ED-7318D7FDD332}.Release|Any CPU.Build.0 = Release|Any CPU
		{712DAC70-F052-4EE2-B299-6F82FE759BB5}.Debug|Any CPU.ActiveCfg = Debug|Any CPU
		{712DAC70-F052-4EE2-B299-6F82FE759BB5}.Debug|Any CPU.Build.0 = Debug|Any CPU
		{712DAC70-F052-4EE2-B299-6F82FE759BB5}.Release|Any CPU.ActiveCfg = Release|Any CPU
		{712DAC70-F052-4EE2-B299-6F82FE759BB5}.Release|Any CPU.Build.0 = Release|Any CPU
		{7D1E58D2-9C13-4DC0-AA14-C651E1A331CE}.Debug|Any CPU.ActiveCfg = Debug|Any CPU
		{7D1E58D2-9C13-4DC0-AA14-C651E1A331CE}.Debug|Any CPU.Build.0 = Debug|Any CPU
		{7D1E58D2-9C13-4DC0-AA14-C651E1A331CE}.Release|Any CPU.ActiveCfg = Release|Any CPU
		{7D1E58D2-9C13-4DC0-AA14-C651E1A331CE}.Release|Any CPU.Build.0 = Release|Any CPU
		{6B73773D-38BA-45C0-A2A8-B01B0DD251EB}.Debug|Any CPU.ActiveCfg = Debug|Any CPU
		{6B73773D-38BA-45C0-A2A8-B01B0DD251EB}.Debug|Any CPU.Build.0 = Debug|Any CPU
		{6B73773D-38BA-45C0-A2A8-B01B0DD251EB}.Release|Any CPU.ActiveCfg = Release|Any CPU
		{6B73773D-38BA-45C0-A2A8-B01B0DD251EB}.Release|Any CPU.Build.0 = Release|Any CPU
		{A694BA7E-29BC-43E2-ACE1-A16F93778DC2}.Debug|Any CPU.ActiveCfg = Debug|Any CPU
		{A694BA7E-29BC-43E2-ACE1-A16F93778DC2}.Debug|Any CPU.Build.0 = Debug|Any CPU
		{A694BA7E-29BC-43E2-ACE1-A16F93778DC2}.Release|Any CPU.ActiveCfg = Release|Any CPU
		{A694BA7E-29BC-43E2-ACE1-A16F93778DC2}.Release|Any CPU.Build.0 = Release|Any CPU
		{D9451009-7518-487C-99D1-1E5A26F08CF4}.Debug|Any CPU.ActiveCfg = Debug|Any CPU
		{D9451009-7518-487C-99D1-1E5A26F08CF4}.Debug|Any CPU.Build.0 = Debug|Any CPU
		{D9451009-7518-487C-99D1-1E5A26F08CF4}.Release|Any CPU.ActiveCfg = Release|Any CPU
		{D9451009-7518-487C-99D1-1E5A26F08CF4}.Release|Any CPU.Build.0 = Release|Any CPU
		{AC215ADD-7D7A-45AA-8D7E-E9B51F3ED258}.Debug|Any CPU.ActiveCfg = Debug|Any CPU
		{AC215ADD-7D7A-45AA-8D7E-E9B51F3ED258}.Debug|Any CPU.Build.0 = Debug|Any CPU
		{AC215ADD-7D7A-45AA-8D7E-E9B51F3ED258}.Release|Any CPU.ActiveCfg = Release|Any CPU
		{AC215ADD-7D7A-45AA-8D7E-E9B51F3ED258}.Release|Any CPU.Build.0 = Release|Any CPU
	EndGlobalSection
EndGlobal
